
Microsoft Visual Studio Solution File, Format Version 12.00
# Visual Studio Version 16
VisualStudioVersion = 16.0.31129.286
MinimumVisualStudioVersion = 10.0.40219.1
Project("{9A19103F-16F7-4668-BE54-9A1E7A4F7556}") = "Library.Core", "Library\src\Library.Core\Library.Core.csproj", "{38CBC61D-0574-4503-AB9C-9448A724AB52}"
EndProject
Project("{9A19103F-16F7-4668-BE54-9A1E7A4F7556}") = "Library.Infrastructure", "Library\src\Library.Infrastructure\Library.Infrastructure.csproj", "{324CAD3B-33FA-4894-AB94-432EE3AC70B3}"
EndProject
Project("{9A19103F-16F7-4668-BE54-9A1E7A4F7556}") = "Library.SharedKernel", "Library\src\Library.SharedKernel\Library.SharedKernel.csproj", "{AE015A5C-63A0-424A-A434-ED8CA315FAEB}"
EndProject
Project("{9A19103F-16F7-4668-BE54-9A1E7A4F7556}") = "Library.Web", "Library\src\Library.Web\Library.Web.csproj", "{B0E5F596-EDBE-490B-B6F0-C0AFFB250E8E}"
EndProject
Project("{FAE04EC0-301F-11D3-BF4B-00C04F79EFBC}") = "Library.Application", "Library\src\Library.Application\Library.Application.csproj", "{0C76C6EB-8E09-483A-81DF-F854B1EA70EE}"
EndProject
Global
	GlobalSection(SolutionConfigurationPlatforms) = preSolution
		Debug|Any CPU = Debug|Any CPU
		Release|Any CPU = Release|Any CPU
	EndGlobalSection
	GlobalSection(ProjectConfigurationPlatforms) = postSolution
		{38CBC61D-0574-4503-AB9C-9448A724AB52}.Debug|Any CPU.ActiveCfg = Debug|Any CPU
		{38CBC61D-0574-4503-AB9C-9448A724AB52}.Debug|Any CPU.Build.0 = Debug|Any CPU
		{38CBC61D-0574-4503-AB9C-9448A724AB52}.Release|Any CPU.ActiveCfg = Release|Any CPU
		{38CBC61D-0574-4503-AB9C-9448A724AB52}.Release|Any CPU.Build.0 = Release|Any CPU
		{324CAD3B-33FA-4894-AB94-432EE3AC70B3}.Debug|Any CPU.ActiveCfg = Debug|Any CPU
		{324CAD3B-33FA-4894-AB94-432EE3AC70B3}.Debug|Any CPU.Build.0 = Debug|Any CPU
		{324CAD3B-33FA-4894-AB94-432EE3AC70B3}.Release|Any CPU.ActiveCfg = Release|Any CPU
		{324CAD3B-33FA-4894-AB94-432EE3AC70B3}.Release|Any CPU.Build.0 = Release|Any CPU
		{AE015A5C-63A0-424A-A434-ED8CA315FAEB}.Debug|Any CPU.ActiveCfg = Debug|Any CPU
		{AE015A5C-63A0-424A-A434-ED8CA315FAEB}.Debug|Any CPU.Build.0 = Debug|Any CPU
		{AE015A5C-63A0-424A-A434-ED8CA315FAEB}.Release|Any CPU.ActiveCfg = Release|Any CPU
		{AE015A5C-63A0-424A-A434-ED8CA315FAEB}.Release|Any CPU.Build.0 = Release|Any CPU
		{B0E5F596-EDBE-490B-B6F0-C0AFFB250E8E}.Debug|Any CPU.ActiveCfg = Debug|Any CPU
		{B0E5F596-EDBE-490B-B6F0-C0AFFB250E8E}.Debug|Any CPU.Build.0 = Debug|Any CPU
		{B0E5F596-EDBE-490B-B6F0-C0AFFB250E8E}.Release|Any CPU.ActiveCfg = Release|Any CPU
		{B0E5F596-EDBE-490B-B6F0-C0AFFB250E8E}.Release|Any CPU.Build.0 = Release|Any CPU
		{0C76C6EB-8E09-483A-81DF-F854B1EA70EE}.Debug|Any CPU.ActiveCfg = Debug|Any CPU
		{0C76C6EB-8E09-483A-81DF-F854B1EA70EE}.Debug|Any CPU.Build.0 = Debug|Any CPU
		{0C76C6EB-8E09-483A-81DF-F854B1EA70EE}.Release|Any CPU.ActiveCfg = Release|Any CPU
		{0C76C6EB-8E09-483A-81DF-F854B1EA70EE}.Release|Any CPU.Build.0 = Release|Any CPU
	EndGlobalSection
	GlobalSection(SolutionProperties) = preSolution
		HideSolutionNode = FALSE
	EndGlobalSection
	GlobalSection(ExtensibilityGlobals) = postSolution
		SolutionGuid = {DF19EE0F-7B59-4895-9A7B-041F98DA55DC}
	EndGlobalSection
EndGlobal
